// !$*UTF8*$!
{
	archiveVersion = 1;
	classes = {
	};
	objectVersion = 56;
	objects = {

/* Begin PBXBuildFile section */
		B877A3D02BC8A120007D92D1 /* IExpenseApp.swift in Sources */ = {isa = PBXBuildFile; fileRef = B877A3CF2BC8A120007D92D1 /* IExpenseApp.swift */; };
		B877A3D22BC8A120007D92D1 /* ContentView.swift in Sources */ = {isa = PBXBuildFile; fileRef = B877A3D12BC8A120007D92D1 /* ContentView.swift */; };
		B877A3D42BC8A121007D92D1 /* Assets.xcassets in Resources */ = {isa = PBXBuildFile; fileRef = B877A3D32BC8A121007D92D1 /* Assets.xcassets */; };
		B877A3D72BC8A121007D92D1 /* Preview Assets.xcassets in Resources */ = {isa = PBXBuildFile; fileRef = B877A3D62BC8A121007D92D1 /* Preview Assets.xcassets */; };
		B877A3DE2BC8AF55007D92D1 /* ExpenseContentView.swift in Sources */ = {isa = PBXBuildFile; fileRef = B877A3DD2BC8AF55007D92D1 /* ExpenseContentView.swift */; };
		B877A3E02BC8AFC3007D92D1 /* ExpenseItem.swift in Sources */ = {isa = PBXBuildFile; fileRef = B877A3DF2BC8AFC3007D92D1 /* ExpenseItem.swift */; };
		B877A3E22BC8B006007D92D1 /* Expenses.swift in Sources */ = {isa = PBXBuildFile; fileRef = B877A3E12BC8B006007D92D1 /* Expenses.swift */; };
		B877A3E42BC8B3BD007D92D1 /* AddView.swift in Sources */ = {isa = PBXBuildFile; fileRef = B877A3E32BC8B3BD007D92D1 /* AddView.swift */; };
/* End PBXBuildFile section */

/* Begin PBXFileReference section */
		B877A3CC2BC8A120007D92D1 /* IExpense.app */ = {isa = PBXFileReference; explicitFileType = wrapper.application; includeInIndex = 0; path = IExpense.app; sourceTree = BUILT_PRODUCTS_DIR; };
		B877A3CF2BC8A120007D92D1 /* IExpenseApp.swift */ = {isa = PBXFileReference; lastKnownFileType = sourcecode.swift; path = IExpenseApp.swift; sourceTree = "<group>"; };
		B877A3D12BC8A120007D92D1 /* ContentView.swift */ = {isa = PBXFileReference; lastKnownFileType = sourcecode.swift; path = ContentView.swift; sourceTree = "<group>"; };
		B877A3D32BC8A121007D92D1 /* Assets.xcassets */ = {isa = PBXFileReference; lastKnownFileType = folder.assetcatalog; path = Assets.xcassets; sourceTree = "<group>"; };
		B877A3D62BC8A121007D92D1 /* Preview Assets.xcassets */ = {isa = PBXFileReference; lastKnownFileType = folder.assetcatalog; path = "Preview Assets.xcassets"; sourceTree = "<group>"; };
		B877A3DD2BC8AF55007D92D1 /* ExpenseContentView.swift */ = {isa = PBXFileReference; lastKnownFileType = sourcecode.swift; path = ExpenseContentView.swift; sourceTree = "<group>"; };
		B877A3DF2BC8AFC3007D92D1 /* ExpenseItem.swift */ = {isa = PBXFileReference; lastKnownFileType = sourcecode.swift; path = ExpenseItem.swift; sourceTree = "<group>"; };
		B877A3E12BC8B006007D92D1 /* Expenses.swift */ = {isa = PBXFileReference; lastKnownFileType = sourcecode.swift; path = Expenses.swift; sourceTree = "<group>"; };
		B877A3E32BC8B3BD007D92D1 /* AddView.swift */ = {isa = PBXFileReference; lastKnownFileType = sourcecode.swift; path = AddView.swift; sourceTree = "<group>"; };
/* End PBXFileReference section */

/* Begin PBXFrameworksBuildPhase section */
		B877A3C92BC8A120007D92D1 /* Frameworks */ = {
			isa = PBXFrameworksBuildPhase;
			buildActionMask = 2147483647;
			files = (
			);
			runOnlyForDeploymentPostprocessing = 0;
		};
/* End PBXFrameworksBuildPhase section */

/* Begin PBXGroup section */
		B877A3C32BC8A120007D92D1 = {
			isa = PBXGroup;
			children = (
				B877A3CE2BC8A120007D92D1 /* IExpense */,
				B877A3CD2BC8A120007D92D1 /* Products */,
			);
			sourceTree = "<group>";
		};
		B877A3CD2BC8A120007D92D1 /* Products */ = {
			isa = PBXGroup;
			children = (
				B877A3CC2BC8A120007D92D1 /* IExpense.app */,
			);
			name = Products;
			sourceTree = "<group>";
		};
		B877A3CE2BC8A120007D92D1 /* IExpense */ = {
			isa = PBXGroup;
			children = (
				B877A3CF2BC8A120007D92D1 /* IExpenseApp.swift */,
				B877A3DD2BC8AF55007D92D1 /* ExpenseContentView.swift */,
				B877A3E32BC8B3BD007D92D1 /* AddView.swift */,
				B877A3DF2BC8AFC3007D92D1 /* ExpenseItem.swift */,
				B877A3E12BC8B006007D92D1 /* Expenses.swift */,
				B877A3D12BC8A120007D92D1 /* ContentView.swift */,
				B877A3D32BC8A121007D92D1 /* Assets.xcassets */,
				B877A3D52BC8A121007D92D1 /* Preview Content */,
			);
			path = IExpense;
			sourceTree = "<group>";
		};
		B877A3D52BC8A121007D92D1 /* Preview Content */ = {
			isa = PBXGroup;
			children = (
				B877A3D62BC8A121007D92D1 /* Preview Assets.xcassets */,
			);
			path = "Preview Content";
			sourceTree = "<group>";
		};
/* End PBXGroup section */

/* Begin PBXNativeTarget section */
		B877A3CB2BC8A120007D92D1 /* IExpense */ = {
			isa = PBXNativeTarget;
			buildConfigurationList = B877A3DA2BC8A121007D92D1 /* Build configuration list for PBXNativeTarget "IExpense" */;
			buildPhases = (
				B877A3C82BC8A120007D92D1 /* Sources */,
				B877A3C92BC8A120007D92D1 /* Frameworks */,
				B877A3CA2BC8A120007D92D1 /* Resources */,
			);
			buildRules = (
			);
			dependencies = (
			);
			name = IExpense;
			productName = IExpense;
			productReference = B877A3CC2BC8A120007D92D1 /* IExpense.app */;
			productType = "com.apple.product-type.application";
		};
/* End PBXNativeTarget section */

/* Begin PBXProject section */
		B877A3C42BC8A120007D92D1 /* Project object */ = {
			isa = PBXProject;
			attributes = {
				BuildIndependentTargetsInParallel = 1;
				LastSwiftUpdateCheck = 1500;
				LastUpgradeCheck = 1500;
				TargetAttributes = {
					B877A3CB2BC8A120007D92D1 = {
						CreatedOnToolsVersion = 15.0.1;
					};
				};
			};
			buildConfigurationList = B877A3C72BC8A120007D92D1 /* Build configuration list for PBXProject "IExpense" */;
			compatibilityVersion = "Xcode 14.0";
			developmentRegion = en;
			hasScannedForEncodings = 0;
			knownRegions = (
				en,
				Base,
			);
			mainGroup = B877A3C32BC8A120007D92D1;
			productRefGroup = B877A3CD2BC8A120007D92D1 /* Products */;
			projectDirPath = "";
			projectRoot = "";
			targets = (
				B877A3CB2BC8A120007D92D1 /* IExpense */,
			);
		};
/* End PBXProject section */

/* Begin PBXResourcesBuildPhase section */
		B877A3CA2BC8A120007D92D1 /* Resources */ = {
			isa = PBXResourcesBuildPhase;
			buildActionMask = 2147483647;
			files = (
				B877A3D72BC8A121007D92D1 /* Preview Assets.xcassets in Resources */,
				B877A3D42BC8A121007D92D1 /* Assets.xcassets in Resources */,
			);
			runOnlyForDeploymentPostprocessing = 0;
		};
/* End PBXResourcesBuildPhase section */

/* Begin PBXSourcesBuildPhase section */
		B877A3C82BC8A120007D92D1 /* Sources */ = {
			isa = PBXSourcesBuildPhase;
			buildActionMask = 2147483647;
			files = (
				B877A3E22BC8B006007D92D1 /* Expenses.swift in Sources */,
				B877A3D22BC8A120007D92D1 /* ContentView.swift in Sources */,
				B877A3E42BC8B3BD007D92D1 /* AddView.swift in Sources */,
				B877A3D02BC8A120007D92D1 /* IExpenseApp.swift in Sources */,
				B877A3DE2BC8AF55007D92D1 /* ExpenseContentView.swift in Sources */,
				B877A3E02BC8AFC3007D92D1 /* ExpenseItem.swift in Sources */,
			);
			runOnlyForDeploymentPostprocessing = 0;
		};
/* End PBXSourcesBuildPhase section */

/* Begin XCBuildConfiguration section */
		B877A3D82BC8A121007D92D1 /* Debug */ = {
			isa = XCBuildConfiguration;
			buildSettings = {
				ALWAYS_SEARCH_USER_PATHS = NO;
				ASSETCATALOG_COMPILER_GENERATE_SWIFT_ASSET_SYMBOL_EXTENSIONS = YES;
				CLANG_ANALYZER_NONNULL = YES;
				CLANG_ANALYZER_NUMBER_OBJECT_CONVERSION = YES_AGGRESSIVE;
				CLANG_CXX_LANGUAGE_STANDARD = "gnu++20";
				CLANG_ENABLE_MODULES = YES;
				CLANG_ENABLE_OBJC_ARC = YES;
				CLANG_ENABLE_OBJC_WEAK = YES;
				CLANG_WARN_BLOCK_CAPTURE_AUTORELEASING = YES;
				CLANG_WARN_BOOL_CONVERSION = YES;
				CLANG_WARN_COMMA = YES;
				CLANG_WARN_CONSTANT_CONVERSION = YES;
				CLANG_WARN_DEPRECATED_OBJC_IMPLEMENTATIONS = YES;
				CLANG_WARN_DIRECT_OBJC_ISA_USAGE = YES_ERROR;
				CLANG_WARN_DOCUMENTATION_COMMENTS = YES;
				CLANG_WARN_EMPTY_BODY = YES;
				CLANG_WARN_ENUM_CONVERSION = YES;
				CLANG_WARN_INFINITE_RECURSION = YES;
				CLANG_WARN_INT_CONVERSION = YES;
				CLANG_WARN_NON_LITERAL_NULL_CONVERSION = YES;
				CLANG_WARN_OBJC_IMPLICIT_RETAIN_SELF = YES;
				CLANG_WARN_OBJC_LITERAL_CONVERSION = YES;
				CLANG_WARN_OBJC_ROOT_CLASS = YES_ERROR;
				CLANG_WARN_QUOTED_INCLUDE_IN_FRAMEWORK_HEADER = YES;
				CLANG_WARN_RANGE_LOOP_ANALYSIS = YES;
				CLANG_WARN_STRICT_PROTOTYPES = YES;
				CLANG_WARN_SUSPICIOUS_MOVE = YES;
				CLANG_WARN_UNGUARDED_AVAILABILITY = YES_AGGRESSIVE;
				CLANG_WARN_UNREACHABLE_CODE = YES;
				CLANG_WARN__DUPLICATE_METHOD_MATCH = YES;
				COPY_PHASE_STRIP = NO;
				DEBUG_INFORMATION_FORMAT = dwarf;
				ENABLE_STRICT_OBJC_MSGSEND = YES;
				ENABLE_TESTABILITY = YES;
				ENABLE_USER_SCRIPT_SANDBOXING = YES;
				GCC_C_LANGUAGE_STANDARD = gnu17;
				GCC_DYNAMIC_NO_PIC = NO;
				GCC_NO_COMMON_BLOCKS = YES;
				GCC_OPTIMIZATION_LEVEL = 0;
				GCC_PREPROCESSOR_DEFINITIONS = (
					"DEBUG=1",
					"$(inherited)",
				);
				GCC_WARN_64_TO_32_BIT_CONVERSION = YES;
				GCC_WARN_ABOUT_RETURN_TYPE = YES_ERROR;
				GCC_WARN_UNDECLARED_SELECTOR = YES;
				GCC_WARN_UNINITIALIZED_AUTOS = YES_AGGRESSIVE;
				GCC_WARN_UNUSED_FUNCTION = YES;
				GCC_WARN_UNUSED_VARIABLE = YES;
				IPHONEOS_DEPLOYMENT_TARGET = 17.0;
				LOCALIZATION_PREFERS_STRING_CATALOGS = YES;
				MTL_ENABLE_DEBUG_INFO = INCLUDE_SOURCE;
				MTL_FAST_MATH = YES;
				ONLY_ACTIVE_ARCH = YES;
				SDKROOT = iphoneos;
				SWIFT_ACTIVE_COMPILATION_CONDITIONS = "DEBUG $(inherited)";
				SWIFT_OPTIMIZATION_LEVEL = "-Onone";
			};
			name = Debug;
		};
		B877A3D92BC8A121007D92D1 /* Release */ = {
			isa = XCBuildConfiguration;
			buildSettings = {
				ALWAYS_SEARCH_USER_PATHS = NO;
				ASSETCATALOG_COMPILER_GENERATE_SWIFT_ASSET_SYMBOL_EXTENSIONS = YES;
				CLANG_ANALYZER_NONNULL = YES;
				CLANG_ANALYZER_NUMBER_OBJECT_CONVERSION = YES_AGGRESSIVE;
				CLANG_CXX_LANGUAGE_STANDARD = "gnu++20";
				CLANG_ENABLE_MODULES = YES;
				CLANG_ENABLE_OBJC_ARC = YES;
				CLANG_ENABLE_OBJC_WEAK = YES;
				CLANG_WARN_BLOCK_CAPTURE_AUTORELEASING = YES;
				CLANG_WARN_BOOL_CONVERSION = YES;
				CLANG_WARN_COMMA = YES;
				CLANG_WARN_CONSTANT_CONVERSION = YES;
				CLANG_WARN_DEPRECATED_OBJC_IMPLEMENTATIONS = YES;
				CLANG_WARN_DIRECT_OBJC_ISA_USAGE = YES_ERROR;
				CLANG_WARN_DOCUMENTATION_COMMENTS = YES;
				CLANG_WARN_EMPTY_BODY = YES;
				CLANG_WARN_ENUM_CONVERSION = YES;
				CLANG_WARN_INFINITE_RECURSION = YES;
				CLANG_WARN_INT_CONVERSION = YES;
				CLANG_WARN_NON_LITERAL_NULL_CONVERSION = YES;
				CLANG_WARN_OBJC_IMPLICIT_RETAIN_SELF = YES;
				CLANG_WARN_OBJC_LITERAL_CONVERSION = YES;
				CLANG_WARN_OBJC_ROOT_CLASS = YES_ERROR;
				CLANG_WARN_QUOTED_INCLUDE_IN_FRAMEWORK_HEADER = YES;
				CLANG_WARN_RANGE_LOOP_ANALYSIS = YES;
				CLANG_WARN_STRICT_PROTOTYPES = YES;
				CLANG_WARN_SUSPICIOUS_MOVE = YES;
				CLANG_WARN_UNGUARDED_AVAILABILITY = YES_AGGRESSIVE;
				CLANG_WARN_UNREACHABLE_CODE = YES;
				CLANG_WARN__DUPLICATE_METHOD_MATCH = YES;
				COPY_PHASE_STRIP = NO;
				DEBUG_INFORMATION_FORMAT = "dwarf-with-dsym";
				ENABLE_NS_ASSERTIONS = NO;
				ENABLE_STRICT_OBJC_MSGSEND = YES;
				ENABLE_USER_SCRIPT_SANDBOXING = YES;
				GCC_C_LANGUAGE_STANDARD = gnu17;
				GCC_NO_COMMON_BLOCKS = YES;
				GCC_WARN_64_TO_32_BIT_CONVERSION = YES;
				GCC_WARN_ABOUT_RETURN_TYPE = YES_ERROR;
				GCC_WARN_UNDECLARED_SELECTOR = YES;
				GCC_WARN_UNINITIALIZED_AUTOS = YES_AGGRESSIVE;
				GCC_WARN_UNUSED_FUNCTION = YES;
				GCC_WARN_UNUSED_VARIABLE = YES;
				IPHONEOS_DEPLOYMENT_TARGET = 17.0;
				LOCALIZATION_PREFERS_STRING_CATALOGS = YES;
				MTL_ENABLE_DEBUG_INFO = NO;
				MTL_FAST_MATH = YES;
				SDKROOT = iphoneos;
				SWIFT_COMPILATION_MODE = wholemodule;
				VALIDATE_PRODUCT = YES;
			};
			name = Release;
		};
		B877A3DB2BC8A121007D92D1 /* Debug */ = {
			isa = XCBuildConfiguration;
			buildSettings = {
				ASSETCATALOG_COMPILER_APPICON_NAME = AppIcon;
				ASSETCATALOG_COMPILER_GLOBAL_ACCENT_COLOR_NAME = AccentColor;
				CODE_SIGN_STYLE = Automatic;
				CURRENT_PROJECT_VERSION = 1;
				DEVELOPMENT_ASSET_PATHS = "\"IExpense/Preview Content\"";
				ENABLE_PREVIEWS = YES;
				GENERATE_INFOPLIST_FILE = YES;
				INFOPLIST_KEY_UIApplicationSceneManifest_Generation = YES;
				INFOPLIST_KEY_UIApplicationSupportsIndirectInputEvents = YES;
				INFOPLIST_KEY_UILaunchScreen_Generation = YES;
				INFOPLIST_KEY_UISupportedInterfaceOrientations_iPad = "UIInterfaceOrientationPortrait UIInterfaceOrientationPortraitUpsideDown UIInterfaceOrientationLandscapeLeft UIInterfaceOrientationLandscapeRight";
				INFOPLIST_KEY_UISupportedInterfaceOrientations_iPhone = "UIInterfaceOrientationPortrait UIInterfaceOrientationLandscapeLeft UIInterfaceOrientationLandscapeRight";
				LD_RUNPATH_SEARCH_PATHS = (
					"$(inherited)",
					"@executable_path/Frameworks",
				);
				MARKETING_VERSION = 1.0;
				PRODUCT_BUNDLE_IDENTIFIER = tamusa.IExpense;
				PRODUCT_NAME = "$(TARGET_NAME)";
				SWIFT_EMIT_LOC_STRINGS = YES;
				SWIFT_VERSION = 5.0;
				TARGETED_DEVICE_FAMILY = "1,2";
			};
			name = Debug;
		};
		B877A3DC2BC8A121007D92D1 /* Release */ = {
			isa = XCBuildConfiguration;
			buildSettings = {
				ASSETCATALOG_COMPILER_APPICON_NAME = AppIcon;
				ASSETCATALOG_COMPILER_GLOBAL_ACCENT_COLOR_NAME = AccentColor;
				CODE_SIGN_STYLE = Automatic;
				CURRENT_PROJECT_VERSION = 1;
				DEVELOPMENT_ASSET_PATHS = "\"IExpense/Preview Content\"";
				ENABLE_PREVIEWS = YES;
				GENERATE_INFOPLIST_FILE = YES;
				INFOPLIST_KEY_UIApplicationSceneManifest_Generation = YES;
				INFOPLIST_KEY_UIApplicationSupportsIndirectInputEvents = YES;
				INFOPLIST_KEY_UILaunchScreen_Generation = YES;
				INFOPLIST_KEY_UISupportedInterfaceOrientations_iPad = "UIInterfaceOrientationPortrait UIInterfaceOrientationPortraitUpsideDown UIInterfaceOrientationLandscapeLeft UIInterfaceOrientationLandscapeRight";
				INFOPLIST_KEY_UISupportedInterfaceOrientations_iPhone = "UIInterfaceOrientationPortrait UIInterfaceOrientationLandscapeLeft UIInterfaceOrientationLandscapeRight";
				LD_RUNPATH_SEARCH_PATHS = (
					"$(inherited)",
					"@executable_path/Frameworks",
				);
				MARKETING_VERSION = 1.0;
				PRODUCT_BUNDLE_IDENTIFIER = tamusa.IExpense;
				PRODUCT_NAME = "$(TARGET_NAME)";
				SWIFT_EMIT_LOC_STRINGS = YES;
				SWIFT_VERSION = 5.0;
				TARGETED_DEVICE_FAMILY = "1,2";
			};
			name = Release;
		};
/* End XCBuildConfiguration section */

/* Begin XCConfigurationList section */
		B877A3C72BC8A120007D92D1 /* Build configuration list for PBXProject "IExpense" */ = {
			isa = XCConfigurationList;
			buildConfigurations = (
				B877A3D82BC8A121007D92D1 /* Debug */,
				B877A3D92BC8A121007D92D1 /* Release */,
			);
			defaultConfigurationIsVisible = 0;
			defaultConfigurationName = Release;
		};
		B877A3DA2BC8A121007D92D1 /* Build configuration list for PBXNativeTarget "IExpense" */ = {
			isa = XCConfigurationList;
			buildConfigurations = (
				B877A3DB2BC8A121007D92D1 /* Debug */,
				B877A3DC2BC8A121007D92D1 /* Release */,
			);
			defaultConfigurationIsVisible = 0;
			defaultConfigurationName = Release;
		};
/* End XCConfigurationList section */
	};
	rootObject = B877A3C42BC8A120007D92D1 /* Project object */;
}
